Microsoft Visual Studio Solution File, Format Version 10.00
# Visual Studio 2008
Project("{FAE04EC0-301F-11D3-BF4B-00C04F79EFBC}") = "HowToAccessApplicationModelInCode.Module", "HowToAccessApplicationModelInCode.Module\HowToAccessApplicationModelInCode.Module.csproj", "{78DD26EB-CB78-48A6-AB42-04B2793D9F2A}"
EndProject
Project("{FAE04EC0-301F-11D3-BF4B-00C04F79EFBC}") = "HowToAccessApplicationModelInCode.Module.Win", "HowToAccessApplicationModelInCode.Module.Win\HowToAccessApplicationModelInCode.Module.Win.csproj", "{F5607F7A-CEB5-4E7E-AEF7-F8A08293FD2D}"
EndProject
Project("{FAE04EC0-301F-11D3-BF4B-00C04F79EFBC}") = "HowToAccessApplicationModelInCode.Win", "HowToAccessApplicationModelInCode.Win\HowToAccessApplicationModelInCode.Win.csproj", "{EF8E29DD-AD6E-47AF-91DF-A850F966A915}"
EndProject
Global
	GlobalSection(SolutionConfigurationPlatforms) = preSolution
		Debug|Any CPU = Debug|Any CPU
		Release|Any CPU = Release|Any CPU
	EndGlobalSection
	GlobalSection(ProjectConfigurationPlatforms) = postSolution
		{78DD26EB-CB78-48A6-AB42-04B2793D9F2A}.Debug|Any CPU.ActiveCfg = Debug|Any CPU
		{78DD26EB-CB78-48A6-AB42-04B2793D9F2A}.Debug|Any CPU.Build.0 = Debug|Any CPU
		{78DD26EB-CB78-48A6-AB42-04B2793D9F2A}.Release|Any CPU.ActiveCfg = Release|Any CPU
		{78DD26EB-CB78-48A6-AB42-04B2793D9F2A}.Release|Any CPU.Build.0 = Release|Any CPU
		{F5607F7A-CEB5-4E7E-AEF7-F8A08293FD2D}.Debug|Any CPU.ActiveCfg = Debug|Any CPU
		{F5607F7A-CEB5-4E7E-AEF7-F8A08293FD2D}.Debug|Any CPU.Build.0 = Debug|Any CPU
		{F5607F7A-CEB5-4E7E-AEF7-F8A08293FD2D}.Release|Any CPU.ActiveCfg = Release|Any CPU
		{F5607F7A-CEB5-4E7E-AEF7-F8A08293FD2D}.Release|Any CPU.Build.0 = Release|Any CPU
		{EF8E29DD-AD6E-47AF-91DF-A850F966A915}.Debug|Any CPU.ActiveCfg = Debug|Any CPU
		{EF8E29DD-AD6E-47AF-91DF-A850F966A915}.Debug|Any CPU.Build.0 = Debug|Any CPU
		{EF8E29DD-AD6E-47AF-91DF-A850F966A915}.Release|Any CPU.ActiveCfg = Release|Any CPU
		{EF8E29DD-AD6E-47AF-91DF-A850F966A915}.Release|Any CPU.Build.0 = Release|Any CPU
	EndGlobalSection
	GlobalSection(SolutionProperties) = preSolution
		HideSolutionNode = FALSE
	EndGlobalSection
EndGlobal
